
Microsoft Visual Studio Solution File, Format Version 12.00
# Visual Studio Version 17
VisualStudioVersion = 17.5.33627.172
MinimumVisualStudioVersion = 10.0.40219.1
Project("{2150E333-8FDC-42A3-9474-1A3956D46DE8}") = "WebBroadcaster", "WebBroadcaster", "{DEC050A4-6996-4A69-8578-88A77A74514C}"
EndProject
Project("{2150E333-8FDC-42A3-9474-1A3956D46DE8}") = "ConsoleBroadcaster", "ConsoleBroadcaster", "{3CF71A46-33FD-47FD-A190-5E87EBBBB30D}"
EndProject
Project("{9A19103F-16F7-4668-BE54-9A1E7A4F7556}") = "Broadcaster", "C:\Users\STARIZ.PK\source\repos\Ignite-Client-Server -Debug\Broadcaster\Broadcaster.csproj", "{1E05F0D4-1C11-42BF-97F9-7671DE792CAB}"
EndProject
Project("{2150E333-8FDC-42A3-9474-1A3956D46DE8}") = "Clients", "Clients", "{0A2BF5A9-AFE4-4F3A-B144-1D0DB1D1C703}"
EndProject
Project("{2150E333-8FDC-42A3-9474-1A3956D46DE8}") = "DesktopClient", "DesktopClient", "{9EBFE4F0-937A-45BA-83C8-92C446A9174C}"
EndProject
Project("{9A19103F-16F7-4668-BE54-9A1E7A4F7556}") = "Broadcaster", "ConsoleBroadcaster\Broadcaster.csproj", "{CE96CD6A-A13D-4C88-8E62-41293A209B7F}"
EndProject
Project("{9A19103F-16F7-4668-BE54-9A1E7A4F7556}") = "SignalR.Common", "Common\SignalR.Common.csproj", "{C36B028B-75B4-437C-8C1E-B63FBC5E6FA4}"
EndProject
Project("{9A19103F-16F7-4668-BE54-9A1E7A4F7556}") = "SignalR.ConsoleClient", "SignalR.ConsoleClient\SignalR.ConsoleClient.csproj", "{810ABC87-922B-4EAE-A98D-7795719BA848}"
EndProject
Project("{2150E333-8FDC-42A3-9474-1A3956D46DE8}") = "ConsoleClient", "ConsoleClient", "{AF089509-E241-48C3-986E-FA01E9A36109}"
EndProject
Project("{9A19103F-16F7-4668-BE54-9A1E7A4F7556}") = "DesktopClient", "SignalR.DesktopClient\DesktopClient.csproj", "{2E13FB51-C452-4F63-ABFD-84BA7A26B69E}"
EndProject
Global
	GlobalSection(SolutionConfigurationPlatforms) = preSolution
		Debug|Any CPU = Debug|Any CPU
		Release|Any CPU = Release|Any CPU
	EndGlobalSection
	GlobalSection(ProjectConfigurationPlatforms) = postSolution
		{1E05F0D4-1C11-42BF-97F9-7671DE792CAB}.Debug|Any CPU.ActiveCfg = Debug|Any CPU
		{1E05F0D4-1C11-42BF-97F9-7671DE792CAB}.Debug|Any CPU.Build.0 = Debug|Any CPU
		{1E05F0D4-1C11-42BF-97F9-7671DE792CAB}.Release|Any CPU.ActiveCfg = Release|Any CPU
		{1E05F0D4-1C11-42BF-97F9-7671DE792CAB}.Release|Any CPU.Build.0 = Release|Any CPU
		{CE96CD6A-A13D-4C88-8E62-41293A209B7F}.Debug|Any CPU.ActiveCfg = Debug|Any CPU
		{CE96CD6A-A13D-4C88-8E62-41293A209B7F}.Debug|Any CPU.Build.0 = Debug|Any CPU
		{CE96CD6A-A13D-4C88-8E62-41293A209B7F}.Release|Any CPU.ActiveCfg = Release|Any CPU
		{CE96CD6A-A13D-4C88-8E62-41293A209B7F}.Release|Any CPU.Build.0 = Release|Any CPU
		{C36B028B-75B4-437C-8C1E-B63FBC5E6FA4}.Debug|Any CPU.ActiveCfg = Debug|Any CPU
		{C36B028B-75B4-437C-8C1E-B63FBC5E6FA4}.Debug|Any CPU.Build.0 = Debug|Any CPU
		{C36B028B-75B4-437C-8C1E-B63FBC5E6FA4}.Release|Any CPU.ActiveCfg = Release|Any CPU
		{C36B028B-75B4-437C-8C1E-B63FBC5E6FA4}.Release|Any CPU.Build.0 = Release|Any CPU
		{810ABC87-922B-4EAE-A98D-7795719BA848}.Debug|Any CPU.ActiveCfg = Debug|Any CPU
		{810ABC87-922B-4EAE-A98D-7795719BA848}.Debug|Any CPU.Build.0 = Debug|Any CPU
		{810ABC87-922B-4EAE-A98D-7795719BA848}.Release|Any CPU.ActiveCfg = Release|Any CPU
		{810ABC87-922B-4EAE-A98D-7795719BA848}.Release|Any CPU.Build.0 = Release|Any CPU
		{2E13FB51-C452-4F63-ABFD-84BA7A26B69E}.Debug|Any CPU.ActiveCfg = Debug|Any CPU
		{2E13FB51-C452-4F63-ABFD-84BA7A26B69E}.Debug|Any CPU.Build.0 = Debug|Any CPU
		{2E13FB51-C452-4F63-ABFD-84BA7A26B69E}.Release|Any CPU.ActiveCfg = Release|Any CPU
		{2E13FB51-C452-4F63-ABFD-84BA7A26B69E}.Release|Any CPU.Build.0 = Release|Any CPU
	EndGlobalSection
	GlobalSection(SolutionProperties) = preSolution
		HideSolutionNode = FALSE
	EndGlobalSection
	GlobalSection(NestedProjects) = preSolution
		{1E05F0D4-1C11-42BF-97F9-7671DE792CAB} = {DEC050A4-6996-4A69-8578-88A77A74514C}
		{9EBFE4F0-937A-45BA-83C8-92C446A9174C} = {0A2BF5A9-AFE4-4F3A-B144-1D0DB1D1C703}
		{CE96CD6A-A13D-4C88-8E62-41293A209B7F} = {3CF71A46-33FD-47FD-A190-5E87EBBBB30D}
		{810ABC87-922B-4EAE-A98D-7795719BA848} = {AF089509-E241-48C3-986E-FA01E9A36109}
		{AF089509-E241-48C3-986E-FA01E9A36109} = {0A2BF5A9-AFE4-4F3A-B144-1D0DB1D1C703}
		{2E13FB51-C452-4F63-ABFD-84BA7A26B69E} = {9EBFE4F0-937A-45BA-83C8-92C446A9174C}
	EndGlobalSection
	GlobalSection(ExtensibilityGlobals) = postSolution
		SolutionGuid = {D274AD8F-9273-40D3-88C3-E0809E9245DC}
	EndGlobalSection
EndGlobal
